
Microsoft Visual Studio Solution File, Format Version 12.00
# Visual Studio Version 16
VisualStudioVersion = 16.0.29911.84
MinimumVisualStudioVersion = 10.0.40219.1
Project("{9A19103F-16F7-4668-BE54-9A1E7A4F7556}") = "RestApi", "RestService\RestApi\RestApi.csproj", "{492A4CB4-B3A8-47AA-B3D2-1AEC24D675EE}"
EndProject
Project("{9A19103F-16F7-4668-BE54-9A1E7A4F7556}") = "Domain", "RestService\Domain\Domain.csproj", "{3391B4A1-DA24-4604-A61A-4CC62E9FEFAB}"
EndProject
Project("{9A19103F-16F7-4668-BE54-9A1E7A4F7556}") = "DataAccessLayer", "RestService\DataAccessLayer\DataAccessLayer.csproj", "{FDF23B63-AFE5-4CF1-A46A-6071D6181AAF}"
EndProject
Project("{FAE04EC0-301F-11D3-BF4B-00C04F79EFBC}") = "RestApi.Tests", "RestService\RestApi.Tests\RestApi.Tests.csproj", "{943D83DE-2E3C-427C-9AFA-6EE2D1EF0189}"
EndProject
Project("{2150E333-8FDC-42A3-9474-1A3956D46DE8}") = "AuthService", "AuthService", "{5408BE24-1AF6-4152-B5F6-E5A8C1E2ABCD}"
EndProject
Project("{2150E333-8FDC-42A3-9474-1A3956D46DE8}") = "RestService", "RestService", "{44C405DE-BC69-456E-9CB1-50FC100E4FE9}"
EndProject
Project("{2150E333-8FDC-42A3-9474-1A3956D46DE8}") = "Shared", "Shared", "{7E81CA78-C2A3-4B25-B0CD-08CD369E3D0C}"
EndProject
Project("{9A19103F-16F7-4668-BE54-9A1E7A4F7556}") = "AuthDomain", "AuthService\AuthDomain\AuthDomain.csproj", "{A703E585-F842-4CEA-ADCB-B1300FE710C6}"
EndProject
Project("{9A19103F-16F7-4668-BE54-9A1E7A4F7556}") = "AuthShared", "Shared\AuthShared\AuthShared.csproj", "{F3B1E362-EF8C-4526-8961-D150DE604EF2}"
EndProject
Project("{9A19103F-16F7-4668-BE54-9A1E7A4F7556}") = "AuthServer", "AuthService\AuthServer\AuthServer.csproj", "{5FBB2933-EB18-4956-80BD-B698E8125B70}"
EndProject
Project("{9A19103F-16F7-4668-BE54-9A1E7A4F7556}") = "IdentifiersShared", "Shared\IdentifiersShared\IdentifiersShared.csproj", "{A710C1C2-F728-42E8-89C8-0F27360281D2}"
EndProject
Project("{FAE04EC0-301F-11D3-BF4B-00C04F79EFBC}") = "DataTransferObjects", "Shared\DataTransferObjects\DataTransferObjects.csproj", "{AAB1F15E-04DF-4D8C-B50C-6AC2AE4109BB}"
EndProject
Project("{FAE04EC0-301F-11D3-BF4B-00C04F79EFBC}") = "Auth.DataAccessLayer", "AuthService\Auth.DataAccessLayer\Auth.DataAccessLayer.csproj", "{C6E0DCAF-119A-409D-9758-DD4EBF7C9C2B}"
EndProject
Project("{FAE04EC0-301F-11D3-BF4B-00C04F79EFBC}") = "Application", "RestService\Application\Application.csproj", "{C510CADE-6E27-44C0-9389-136E4B356113}"
EndProject
Global
	GlobalSection(SolutionConfigurationPlatforms) = preSolution
		Debug|Any CPU = Debug|Any CPU
		Release|Any CPU = Release|Any CPU
	EndGlobalSection
	GlobalSection(ProjectConfigurationPlatforms) = postSolution
		{492A4CB4-B3A8-47AA-B3D2-1AEC24D675EE}.Debug|Any CPU.ActiveCfg = Debug|Any CPU
		{492A4CB4-B3A8-47AA-B3D2-1AEC24D675EE}.Debug|Any CPU.Build.0 = Debug|Any CPU
		{492A4CB4-B3A8-47AA-B3D2-1AEC24D675EE}.Release|Any CPU.ActiveCfg = Release|Any CPU
		{492A4CB4-B3A8-47AA-B3D2-1AEC24D675EE}.Release|Any CPU.Build.0 = Release|Any CPU
		{3391B4A1-DA24-4604-A61A-4CC62E9FEFAB}.Debug|Any CPU.ActiveCfg = Debug|Any CPU
		{3391B4A1-DA24-4604-A61A-4CC62E9FEFAB}.Debug|Any CPU.Build.0 = Debug|Any CPU
		{3391B4A1-DA24-4604-A61A-4CC62E9FEFAB}.Release|Any CPU.ActiveCfg = Release|Any CPU
		{3391B4A1-DA24-4604-A61A-4CC62E9FEFAB}.Release|Any CPU.Build.0 = Release|Any CPU
		{FDF23B63-AFE5-4CF1-A46A-6071D6181AAF}.Debug|Any CPU.ActiveCfg = Debug|Any CPU
		{FDF23B63-AFE5-4CF1-A46A-6071D6181AAF}.Debug|Any CPU.Build.0 = Debug|Any CPU
		{FDF23B63-AFE5-4CF1-A46A-6071D6181AAF}.Release|Any CPU.ActiveCfg = Release|Any CPU
		{FDF23B63-AFE5-4CF1-A46A-6071D6181AAF}.Release|Any CPU.Build.0 = Release|Any CPU
		{943D83DE-2E3C-427C-9AFA-6EE2D1EF0189}.Debug|Any CPU.ActiveCfg = Debug|Any CPU
		{943D83DE-2E3C-427C-9AFA-6EE2D1EF0189}.Debug|Any CPU.Build.0 = Debug|Any CPU
		{943D83DE-2E3C-427C-9AFA-6EE2D1EF0189}.Release|Any CPU.ActiveCfg = Release|Any CPU
		{943D83DE-2E3C-427C-9AFA-6EE2D1EF0189}.Release|Any CPU.Build.0 = Release|Any CPU
		{A703E585-F842-4CEA-ADCB-B1300FE710C6}.Debug|Any CPU.ActiveCfg = Debug|Any CPU
		{A703E585-F842-4CEA-ADCB-B1300FE710C6}.Debug|Any CPU.Build.0 = Debug|Any CPU
		{A703E585-F842-4CEA-ADCB-B1300FE710C6}.Release|Any CPU.ActiveCfg = Release|Any CPU
		{A703E585-F842-4CEA-ADCB-B1300FE710C6}.Release|Any CPU.Build.0 = Release|Any CPU
		{F3B1E362-EF8C-4526-8961-D150DE604EF2}.Debug|Any CPU.ActiveCfg = Debug|Any CPU
		{F3B1E362-EF8C-4526-8961-D150DE604EF2}.Debug|Any CPU.Build.0 = Debug|Any CPU
		{F3B1E362-EF8C-4526-8961-D150DE604EF2}.Release|Any CPU.ActiveCfg = Release|Any CPU
		{F3B1E362-EF8C-4526-8961-D150DE604EF2}.Release|Any CPU.Build.0 = Release|Any CPU
		{5FBB2933-EB18-4956-80BD-B698E8125B70}.Debug|Any CPU.ActiveCfg = Debug|Any CPU
		{5FBB2933-EB18-4956-80BD-B698E8125B70}.Debug|Any CPU.Build.0 = Debug|Any CPU
		{5FBB2933-EB18-4956-80BD-B698E8125B70}.Release|Any CPU.ActiveCfg = Release|Any CPU
		{5FBB2933-EB18-4956-80BD-B698E8125B70}.Release|Any CPU.Build.0 = Release|Any CPU
		{A710C1C2-F728-42E8-89C8-0F27360281D2}.Debug|Any CPU.ActiveCfg = Debug|Any CPU
		{A710C1C2-F728-42E8-89C8-0F27360281D2}.Debug|Any CPU.Build.0 = Debug|Any CPU
		{A710C1C2-F728-42E8-89C8-0F27360281D2}.Release|Any CPU.ActiveCfg = Release|Any CPU
		{A710C1C2-F728-42E8-89C8-0F27360281D2}.Release|Any CPU.Build.0 = Release|Any CPU
		{AAB1F15E-04DF-4D8C-B50C-6AC2AE4109BB}.Debug|Any CPU.ActiveCfg = Debug|Any CPU
		{AAB1F15E-04DF-4D8C-B50C-6AC2AE4109BB}.Debug|Any CPU.Build.0 = Debug|Any CPU
		{AAB1F15E-04DF-4D8C-B50C-6AC2AE4109BB}.Release|Any CPU.ActiveCfg = Release|Any CPU
		{AAB1F15E-04DF-4D8C-B50C-6AC2AE4109BB}.Release|Any CPU.Build.0 = Release|Any CPU
		{C6E0DCAF-119A-409D-9758-DD4EBF7C9C2B}.Debug|Any CPU.ActiveCfg = Debug|Any CPU
		{C6E0DCAF-119A-409D-9758-DD4EBF7C9C2B}.Debug|Any CPU.Build.0 = Debug|Any CPU
		{C6E0DCAF-119A-409D-9758-DD4EBF7C9C2B}.Release|Any CPU.ActiveCfg = Release|Any CPU
		{C6E0DCAF-119A-409D-9758-DD4EBF7C9C2B}.Release|Any CPU.Build.0 = Release|Any CPU
		{C510CADE-6E27-44C0-9389-136E4B356113}.Debug|Any CPU.ActiveCfg = Debug|Any CPU
		{C510CADE-6E27-44C0-9389-136E4B356113}.Debug|Any CPU.Build.0 = Debug|Any CPU
		{C510CADE-6E27-44C0-9389-136E4B356113}.Release|Any CPU.ActiveCfg = Release|Any CPU
		{C510CADE-6E27-44C0-9389-136E4B356113}.Release|Any CPU.Build.0 = Release|Any CPU
	EndGlobalSection
	GlobalSection(SolutionProperties) = preSolution
		HideSolutionNode = FALSE
	EndGlobalSection
	GlobalSection(NestedProjects) = preSolution
		{492A4CB4-B3A8-47AA-B3D2-1AEC24D675EE} = {44C405DE-BC69-456E-9CB1-50FC100E4FE9}
		{3391B4A1-DA24-4604-A61A-4CC62E9FEFAB} = {44C405DE-BC69-456E-9CB1-50FC100E4FE9}
		{FDF23B63-AFE5-4CF1-A46A-6071D6181AAF} = {44C405DE-BC69-456E-9CB1-50FC100E4FE9}
		{943D83DE-2E3C-427C-9AFA-6EE2D1EF0189} = {44C405DE-BC69-456E-9CB1-50FC100E4FE9}
		{A703E585-F842-4CEA-ADCB-B1300FE710C6} = {5408BE24-1AF6-4152-B5F6-E5A8C1E2ABCD}
		{F3B1E362-EF8C-4526-8961-D150DE604EF2} = {7E81CA78-C2A3-4B25-B0CD-08CD369E3D0C}
		{5FBB2933-EB18-4956-80BD-B698E8125B70} = {5408BE24-1AF6-4152-B5F6-E5A8C1E2ABCD}
		{A710C1C2-F728-42E8-89C8-0F27360281D2} = {7E81CA78-C2A3-4B25-B0CD-08CD369E3D0C}
		{AAB1F15E-04DF-4D8C-B50C-6AC2AE4109BB} = {7E81CA78-C2A3-4B25-B0CD-08CD369E3D0C}
		{C6E0DCAF-119A-409D-9758-DD4EBF7C9C2B} = {5408BE24-1AF6-4152-B5F6-E5A8C1E2ABCD}
		{C510CADE-6E27-44C0-9389-136E4B356113} = {44C405DE-BC69-456E-9CB1-50FC100E4FE9}
	EndGlobalSection
	GlobalSection(ExtensibilityGlobals) = postSolution
		SolutionGuid = {9E10CFF1-92B5-4B10-B141-37041A158210}
	EndGlobalSection
EndGlobal
