
Microsoft Visual Studio Solution File, Format Version 12.00
# Visual Studio Version 16
VisualStudioVersion = 16.0.29911.84
MinimumVisualStudioVersion = 10.0.40219.1
Project("{9A19103F-16F7-4668-BE54-9A1E7A4F7556}") = "Carpool.RestAPI", "Carpool.RestAPI\Carpool.RestAPI.csproj", "{492A4CB4-B3A8-47AA-B3D2-1AEC24D675EE}"
EndProject
Project("{FAE04EC0-301F-11D3-BF4B-00C04F79EFBC}") = "Carpool.Core", "Carpool.Core\Carpool.Core.csproj", "{3391B4A1-DA24-4604-A61A-4CC62E9FEFAB}"
EndProject
Global
	GlobalSection(SolutionConfigurationPlatforms) = preSolution
		Debug|Any CPU = Debug|Any CPU
		Release|Any CPU = Release|Any CPU
	EndGlobalSection
	GlobalSection(ProjectConfigurationPlatforms) = postSolution
		{492A4CB4-B3A8-47AA-B3D2-1AEC24D675EE}.Debug|Any CPU.ActiveCfg = Debug|Any CPU
		{492A4CB4-B3A8-47AA-B3D2-1AEC24D675EE}.Debug|Any CPU.Build.0 = Debug|Any CPU
		{492A4CB4-B3A8-47AA-B3D2-1AEC24D675EE}.Release|Any CPU.ActiveCfg = Release|Any CPU
		{492A4CB4-B3A8-47AA-B3D2-1AEC24D675EE}.Release|Any CPU.Build.0 = Release|Any CPU
		{3391B4A1-DA24-4604-A61A-4CC62E9FEFAB}.Debug|Any CPU.ActiveCfg = Debug|Any CPU
		{3391B4A1-DA24-4604-A61A-4CC62E9FEFAB}.Debug|Any CPU.Build.0 = Debug|Any CPU
		{3391B4A1-DA24-4604-A61A-4CC62E9FEFAB}.Release|Any CPU.ActiveCfg = Release|Any CPU
		{3391B4A1-DA24-4604-A61A-4CC62E9FEFAB}.Release|Any CPU.Build.0 = Release|Any CPU
	EndGlobalSection
	GlobalSection(SolutionProperties) = preSolution
		HideSolutionNode = FALSE
	EndGlobalSection
	GlobalSection(ExtensibilityGlobals) = postSolution
		SolutionGuid = {9E10CFF1-92B5-4B10-B141-37041A158210}
	EndGlobalSection
EndGlobal
