
Microsoft Visual Studio Solution File, Format Version 12.00
# Visual Studio Version 16
VisualStudioVersion = 16.0.29911.84
MinimumVisualStudioVersion = 10.0.40219.1
Project("{9A19103F-16F7-4668-BE54-9A1E7A4F7556}") = "RestApi", "RestService\RestApi\RestApi.csproj", "{492A4CB4-B3A8-47AA-B3D2-1AEC24D675EE}"
EndProject
Project("{9A19103F-16F7-4668-BE54-9A1E7A4F7556}") = "Domain", "RestService\Domain\Domain.csproj", "{3391B4A1-DA24-4604-A61A-4CC62E9FEFAB}"
EndProject
Project("{9A19103F-16F7-4668-BE54-9A1E7A4F7556}") = "DataAccessLayer", "RestService\DataAccessLayer\DataAccessLayer.csproj", "{FDF23B63-AFE5-4CF1-A46A-6071D6181AAF}"
EndProject
Project("{FAE04EC0-301F-11D3-BF4B-00C04F79EFBC}") = "RestApi.Tests", "RestService\RestApi.Tests\RestApi.Tests.csproj", "{943D83DE-2E3C-427C-9AFA-6EE2D1EF0189}"
EndProject
Project("{2150E333-8FDC-42A3-9474-1A3956D46DE8}") = "AuthService", "AuthService", "{5408BE24-1AF6-4152-B5F6-E5A8C1E2ABCD}"
EndProject
Project("{2150E333-8FDC-42A3-9474-1A3956D46DE8}") = "RestService", "RestService", "{44C405DE-BC69-456E-9CB1-50FC100E4FE9}"
EndProject
Project("{FAE04EC0-301F-11D3-BF4B-00C04F79EFBC}") = "AuthServer", "AuthService\AuthServer\AuthServer.csproj", "{9CD8CD35-8EBF-470D-B90F-9B642820240B}"
EndProject
Global
	GlobalSection(SolutionConfigurationPlatforms) = preSolution
		Debug|Any CPU = Debug|Any CPU
		Release|Any CPU = Release|Any CPU
	EndGlobalSection
	GlobalSection(ProjectConfigurationPlatforms) = postSolution
		{492A4CB4-B3A8-47AA-B3D2-1AEC24D675EE}.Debug|Any CPU.ActiveCfg = Debug|Any CPU
		{492A4CB4-B3A8-47AA-B3D2-1AEC24D675EE}.Debug|Any CPU.Build.0 = Debug|Any CPU
		{492A4CB4-B3A8-47AA-B3D2-1AEC24D675EE}.Release|Any CPU.ActiveCfg = Release|Any CPU
		{492A4CB4-B3A8-47AA-B3D2-1AEC24D675EE}.Release|Any CPU.Build.0 = Release|Any CPU
		{3391B4A1-DA24-4604-A61A-4CC62E9FEFAB}.Debug|Any CPU.ActiveCfg = Debug|Any CPU
		{3391B4A1-DA24-4604-A61A-4CC62E9FEFAB}.Debug|Any CPU.Build.0 = Debug|Any CPU
		{3391B4A1-DA24-4604-A61A-4CC62E9FEFAB}.Release|Any CPU.ActiveCfg = Release|Any CPU
		{3391B4A1-DA24-4604-A61A-4CC62E9FEFAB}.Release|Any CPU.Build.0 = Release|Any CPU
		{FDF23B63-AFE5-4CF1-A46A-6071D6181AAF}.Debug|Any CPU.ActiveCfg = Debug|Any CPU
		{FDF23B63-AFE5-4CF1-A46A-6071D6181AAF}.Debug|Any CPU.Build.0 = Debug|Any CPU
		{FDF23B63-AFE5-4CF1-A46A-6071D6181AAF}.Release|Any CPU.ActiveCfg = Release|Any CPU
		{FDF23B63-AFE5-4CF1-A46A-6071D6181AAF}.Release|Any CPU.Build.0 = Release|Any CPU
		{943D83DE-2E3C-427C-9AFA-6EE2D1EF0189}.Debug|Any CPU.ActiveCfg = Debug|Any CPU
		{943D83DE-2E3C-427C-9AFA-6EE2D1EF0189}.Debug|Any CPU.Build.0 = Debug|Any CPU
		{943D83DE-2E3C-427C-9AFA-6EE2D1EF0189}.Release|Any CPU.ActiveCfg = Release|Any CPU
		{943D83DE-2E3C-427C-9AFA-6EE2D1EF0189}.Release|Any CPU.Build.0 = Release|Any CPU
		{9CD8CD35-8EBF-470D-B90F-9B642820240B}.Debug|Any CPU.ActiveCfg = Debug|Any CPU
		{9CD8CD35-8EBF-470D-B90F-9B642820240B}.Debug|Any CPU.Build.0 = Debug|Any CPU
		{9CD8CD35-8EBF-470D-B90F-9B642820240B}.Release|Any CPU.ActiveCfg = Release|Any CPU
		{9CD8CD35-8EBF-470D-B90F-9B642820240B}.Release|Any CPU.Build.0 = Release|Any CPU
	EndGlobalSection
	GlobalSection(SolutionProperties) = preSolution
		HideSolutionNode = FALSE
	EndGlobalSection
	GlobalSection(NestedProjects) = preSolution
		{492A4CB4-B3A8-47AA-B3D2-1AEC24D675EE} = {44C405DE-BC69-456E-9CB1-50FC100E4FE9}
		{3391B4A1-DA24-4604-A61A-4CC62E9FEFAB} = {44C405DE-BC69-456E-9CB1-50FC100E4FE9}
		{FDF23B63-AFE5-4CF1-A46A-6071D6181AAF} = {44C405DE-BC69-456E-9CB1-50FC100E4FE9}
		{943D83DE-2E3C-427C-9AFA-6EE2D1EF0189} = {44C405DE-BC69-456E-9CB1-50FC100E4FE9}
		{9CD8CD35-8EBF-470D-B90F-9B642820240B} = {5408BE24-1AF6-4152-B5F6-E5A8C1E2ABCD}
	EndGlobalSection
	GlobalSection(ExtensibilityGlobals) = postSolution
		SolutionGuid = {9E10CFF1-92B5-4B10-B141-37041A158210}
	EndGlobalSection
EndGlobal
